
Microsoft Visual Studio Solution File, Format Version 12.00
# Visual Studio Version 16
VisualStudioVersion = 16.0.30413.136
MinimumVisualStudioVersion = 10.0.40219.1
Project("{9A19103F-16F7-4668-BE54-9A1E7A4F7556}") = "Algorithm_With_CSharp", "Algorithm_With_CSharp\Algorithm_With_CSharp.csproj", "{5ED82101-9A21-4345-8877-A4DB43021038}"
EndProject
Project("{FAE04EC0-301F-11D3-BF4B-00C04F79EFBC}") = "Fibonacci", "Fibonacci\Fibonacci.csproj", "{AE5D9A42-A8FC-4B5C-A08B-56A853D2C08D}"
EndProject
Project("{FAE04EC0-301F-11D3-BF4B-00C04F79EFBC}") = "AddAll", "AddAll\AddAll.csproj", "{8E8F64A8-7BAB-490B-9813-CD9BFC733CCC}"
EndProject
Project("{FAE04EC0-301F-11D3-BF4B-00C04F79EFBC}") = "BubbleSort", "BubbleSort\BubbleSort.csproj", "{07B096D9-74AF-4CEE-BA5C-A3942940D409}"
EndProject
Global
	GlobalSection(SolutionConfigurationPlatforms) = preSolution
		Debug|Any CPU = Debug|Any CPU
		Release|Any CPU = Release|Any CPU
	EndGlobalSection
	GlobalSection(ProjectConfigurationPlatforms) = postSolution
		{5ED82101-9A21-4345-8877-A4DB43021038}.Debug|Any CPU.ActiveCfg = Debug|Any CPU
		{5ED82101-9A21-4345-8877-A4DB43021038}.Debug|Any CPU.Build.0 = Debug|Any CPU
		{5ED82101-9A21-4345-8877-A4DB43021038}.Release|Any CPU.ActiveCfg = Release|Any CPU
		{5ED82101-9A21-4345-8877-A4DB43021038}.Release|Any CPU.Build.0 = Release|Any CPU
		{AE5D9A42-A8FC-4B5C-A08B-56A853D2C08D}.Debug|Any CPU.ActiveCfg = Debug|Any CPU
		{AE5D9A42-A8FC-4B5C-A08B-56A853D2C08D}.Debug|Any CPU.Build.0 = Debug|Any CPU
		{AE5D9A42-A8FC-4B5C-A08B-56A853D2C08D}.Release|Any CPU.ActiveCfg = Release|Any CPU
		{AE5D9A42-A8FC-4B5C-A08B-56A853D2C08D}.Release|Any CPU.Build.0 = Release|Any CPU
		{8E8F64A8-7BAB-490B-9813-CD9BFC733CCC}.Debug|Any CPU.ActiveCfg = Debug|Any CPU
		{8E8F64A8-7BAB-490B-9813-CD9BFC733CCC}.Debug|Any CPU.Build.0 = Debug|Any CPU
		{8E8F64A8-7BAB-490B-9813-CD9BFC733CCC}.Release|Any CPU.ActiveCfg = Release|Any CPU
		{8E8F64A8-7BAB-490B-9813-CD9BFC733CCC}.Release|Any CPU.Build.0 = Release|Any CPU
		{07B096D9-74AF-4CEE-BA5C-A3942940D409}.Debug|Any CPU.ActiveCfg = Debug|Any CPU
		{07B096D9-74AF-4CEE-BA5C-A3942940D409}.Debug|Any CPU.Build.0 = Debug|Any CPU
		{07B096D9-74AF-4CEE-BA5C-A3942940D409}.Release|Any CPU.ActiveCfg = Release|Any CPU
		{07B096D9-74AF-4CEE-BA5C-A3942940D409}.Release|Any CPU.Build.0 = Release|Any CPU
	EndGlobalSection
	GlobalSection(SolutionProperties) = preSolution
		HideSolutionNode = FALSE
	EndGlobalSection
	GlobalSection(ExtensibilityGlobals) = postSolution
		SolutionGuid = {7E447F3A-5120-426D-BE3D-C31A59D31A34}
	EndGlobalSection
EndGlobal
